
Microsoft Visual Studio Solution File, Format Version 12.00
# Visual Studio Version 16
VisualStudioVersion = 16.0.30413.136
MinimumVisualStudioVersion = 10.0.40219.1
Project("{FAE04EC0-301F-11D3-BF4B-00C04F79EFBC}") = "CodeSample", "CodeSample\CodeSample.csproj", "{81E8E0F8-DF0E-43BC-B463-86DE8A660208}"
EndProject
Project("{FAE04EC0-301F-11D3-BF4B-00C04F79EFBC}") = "CodeSample.Entities", "CodeSample.Entities\CodeSample.Entities.csproj", "{0683E264-8A5F-4803-B372-C1B008BA337A}"
EndProject
Global
	GlobalSection(SolutionConfigurationPlatforms) = preSolution
		Debug|Any CPU = Debug|Any CPU
		Release|Any CPU = Release|Any CPU
	EndGlobalSection
	GlobalSection(ProjectConfigurationPlatforms) = postSolution
		{81E8E0F8-DF0E-43BC-B463-86DE8A660208}.Debug|Any CPU.ActiveCfg = Debug|Any CPU
		{81E8E0F8-DF0E-43BC-B463-86DE8A660208}.Debug|Any CPU.Build.0 = Debug|Any CPU
		{81E8E0F8-DF0E-43BC-B463-86DE8A660208}.Release|Any CPU.ActiveCfg = Release|Any CPU
		{81E8E0F8-DF0E-43BC-B463-86DE8A660208}.Release|Any CPU.Build.0 = Release|Any CPU
		{0683E264-8A5F-4803-B372-C1B008BA337A}.Debug|Any CPU.ActiveCfg = Debug|Any CPU
		{0683E264-8A5F-4803-B372-C1B008BA337A}.Debug|Any CPU.Build.0 = Debug|Any CPU
		{0683E264-8A5F-4803-B372-C1B008BA337A}.Release|Any CPU.ActiveCfg = Release|Any CPU
		{0683E264-8A5F-4803-B372-C1B008BA337A}.Release|Any CPU.Build.0 = Release|Any CPU
	EndGlobalSection
	GlobalSection(SolutionProperties) = preSolution
		HideSolutionNode = FALSE
	EndGlobalSection
	GlobalSection(ExtensibilityGlobals) = postSolution
		SolutionGuid = {A380602D-208E-46EF-A656-C816567F4400}
	EndGlobalSection
EndGlobal
